// !$*UTF8*$!
{
	archiveVersion = 1;
	classes = {
	};
	objectVersion = 77;
	objects = {

/* Begin PBXBuildFile section */
		FF9680862F3E0924009F3CFD /* ManagedSettings.framework in Frameworks */ = {isa = PBXBuildFile; fileRef = FF9680852F3E0924009F3CFD /* ManagedSettings.framework */; };
		FF9680882F3E0924009F3CFD /* ManagedSettingsUI.framework in Frameworks */ = {isa = PBXBuildFile; fileRef = FF9680872F3E0924009F3CFD /* ManagedSettingsUI.framework */; };
		FF9680902F3E0924009F3CFD /* ShieldConfigurationExtension.appex in Embed Foundation Extensions */ = {isa = PBXBuildFile; fileRef = FF9680832F3E0924009F3CFD /* ShieldConfigurationExtension.appex */; settings = {ATTRIBUTES = (RemoveHeadersOnCopy, ); }; };
		FF96809B2F3E093F009F3CFD /* ManagedSettings.framework in Frameworks */ = {isa = PBXBuildFile; fileRef = FF9680852F3E0924009F3CFD /* ManagedSettings.framework */; };
		FF9680A32F3E093F009F3CFD /* ShieldActionExtension.appex in Embed Foundation Extensions */ = {isa = PBXBuildFile; fileRef = FF96809A2F3E093F009F3CFD /* ShieldActionExtension.appex */; settings = {ATTRIBUTES = (RemoveHeadersOnCopy, ); }; };
		FF9680AE2F3E094F009F3CFD /* DeviceActivity.framework in Frameworks */ = {isa = PBXBuildFile; fileRef = FF9680AD2F3E094F009F3CFD /* DeviceActivity.framework */; };
		FF9680B62F3E094F009F3CFD /* DeviceActivityMonitorExtension.appex in Embed Foundation Extensions */ = {isa = PBXBuildFile; fileRef = FF9680AC2F3E094F009F3CFD /* DeviceActivityMonitorExtension.appex */; settings = {ATTRIBUTES = (RemoveHeadersOnCopy, ); }; };
		FF9680D12F3E0C00009F3CFD /* AppGroupConstants.swift in Sources */ = {isa = PBXBuildFile; fileRef = FF9680C72F3E0B84009F3CFD /* AppGroupConstants.swift */; };
		FF9680D22F3E0C00009F3CFD /* PendingUnlockRequest.swift in Sources */ = {isa = PBXBuildFile; fileRef = FF9680C82F3E0B84009F3CFD /* PendingUnlockRequest.swift */; };
		FF9680D32F3E0C00009F3CFD /* ActiveUnlockRecord.swift in Sources */ = {isa = PBXBuildFile; fileRef = FF9680C92F3E0B84009F3CFD /* ActiveUnlockRecord.swift */; };
		FF9680D42F3E0C00009F3CFD /* AppGroupManager.swift in Sources */ = {isa = PBXBuildFile; fileRef = FF9680CA2F3E0B91009F3CFD /* AppGroupManager.swift */; };
		FF9680D52F3E0C01009F3CFD /* AppGroupConstants.swift in Sources */ = {isa = PBXBuildFile; fileRef = FF9680C72F3E0B84009F3CFD /* AppGroupConstants.swift */; };
		FF9680D62F3E0C01009F3CFD /* PendingUnlockRequest.swift in Sources */ = {isa = PBXBuildFile; fileRef = FF9680C82F3E0B84009F3CFD /* PendingUnlockRequest.swift */; };
		FF9680D72F3E0C01009F3CFD /* ActiveUnlockRecord.swift in Sources */ = {isa = PBXBuildFile; fileRef = FF9680C92F3E0B84009F3CFD /* ActiveUnlockRecord.swift */; };
		FF9680D82F3E0C01009F3CFD /* AppGroupManager.swift in Sources */ = {isa = PBXBuildFile; fileRef = FF9680CA2F3E0B91009F3CFD /* AppGroupManager.swift */; };
		FF9680D92F3E0C02009F3CFD /* AppGroupConstants.swift in Sources */ = {isa = PBXBuildFile; fileRef = FF9680C72F3E0B84009F3CFD /* AppGroupConstants.swift */; };
		FF9680DA2F3E0C02009F3CFD /* PendingUnlockRequest.swift in Sources */ = {isa = PBXBuildFile; fileRef = FF9680C82F3E0B84009F3CFD /* PendingUnlockRequest.swift */; };
		FF9680DB2F3E0C02009F3CFD /* ActiveUnlockRecord.swift in Sources */ = {isa = PBXBuildFile; fileRef = FF9680C92F3E0B84009F3CFD /* ActiveUnlockRecord.swift */; };
		FF9680DC2F3E0C02009F3CFD /* AppGroupManager.swift in Sources */ = {isa = PBXBuildFile; fileRef = FF9680CA2F3E0B91009F3CFD /* AppGroupManager.swift */; };
		FF9680DD2F3E0C03009F3CFD /* AppGroupConstants.swift in Sources */ = {isa = PBXBuildFile; fileRef = FF9680C72F3E0B84009F3CFD /* AppGroupConstants.swift */; };
		FF9680DE2F3E0C03009F3CFD /* PendingUnlockRequest.swift in Sources */ = {isa = PBXBuildFile; fileRef = FF9680C82F3E0B84009F3CFD /* PendingUnlockRequest.swift */; };
		FF9680DF2F3E0C03009F3CFD /* ActiveUnlockRecord.swift in Sources */ = {isa = PBXBuildFile; fileRef = FF9680C92F3E0B84009F3CFD /* ActiveUnlockRecord.swift */; };
		FF9680E02F3E0C03009F3CFD /* AppGroupManager.swift in Sources */ = {isa = PBXBuildFile; fileRef = FF9680CA2F3E0B91009F3CFD /* AppGroupManager.swift */; };
		FF9680E12F3E0C04009F3CFD /* FamilyControls.framework in Frameworks */ = {isa = PBXBuildFile; fileRef = FF9680E42F3E0C04009F3CFD /* FamilyControls.framework */; };
		FF9680E22F3E0C04009F3CFD /* ManagedSettings.framework in Frameworks */ = {isa = PBXBuildFile; fileRef = FF9680852F3E0924009F3CFD /* ManagedSettings.framework */; };
		FF9683AC2F3E3195009F3CFD /* KeychainIPC.swift in Sources */ = {isa = PBXBuildFile; fileRef = FF9683AB2F3E3195009F3CFD /* KeychainIPC.swift */; };
		FF9683AD2F3E3195009F3CFD /* KeychainIPC.swift in Sources */ = {isa = PBXBuildFile; fileRef = FF9683AB2F3E3195009F3CFD /* KeychainIPC.swift */; };
		FF9683AE2F3E3195009F3CFD /* KeychainIPC.swift in Sources */ = {isa = PBXBuildFile; fileRef = FF9683AB2F3E3195009F3CFD /* KeychainIPC.swift */; };
		FF9683AF2F3E3195009F3CFD /* KeychainIPC.swift in Sources */ = {isa = PBXBuildFile; fileRef = FF9683AB2F3E3195009F3CFD /* KeychainIPC.swift */; };
		FF9683B52F3E5439009F3CFD /* AddictiveApps.swift in Sources */ = {isa = PBXBuildFile; fileRef = FF9683B42F3E5439009F3CFD /* AddictiveApps.swift */; };
		FF9683B62F3E5439009F3CFD /* AddictiveApps.swift in Sources */ = {isa = PBXBuildFile; fileRef = FF9683B42F3E5439009F3CFD /* AddictiveApps.swift */; };
		FF9683B72F3E5439009F3CFD /* AddictiveApps.swift in Sources */ = {isa = PBXBuildFile; fileRef = FF9683B42F3E5439009F3CFD /* AddictiveApps.swift */; };
		FF9683B82F3E5439009F3CFD /* AddictiveApps.swift in Sources */ = {isa = PBXBuildFile; fileRef = FF9683B42F3E5439009F3CFD /* AddictiveApps.swift */; };
/* End PBXBuildFile section */

/* Begin PBXContainerItemProxy section */
		FF9680632F3E08F6009F3CFD /* PBXContainerItemProxy */ = {
			isa = PBXContainerItemProxy;
			containerPortal = FF96804B2F3E08F5009F3CFD /* Project object */;
			proxyType = 1;
			remoteGlobalIDString = FF9680522F3E08F5009F3CFD;
			remoteInfo = MindfulPhone;
		};
		FF96806D2F3E08F6009F3CFD /* PBXContainerItemProxy */ = {
			isa = PBXContainerItemProxy;
			containerPortal = FF96804B2F3E08F5009F3CFD /* Project object */;
			proxyType = 1;
			remoteGlobalIDString = FF9680522F3E08F5009F3CFD;
			remoteInfo = MindfulPhone;
		};
		FF96808E2F3E0924009F3CFD /* PBXContainerItemProxy */ = {
			isa = PBXContainerItemProxy;
			containerPortal = FF96804B2F3E08F5009F3CFD /* Project object */;
			proxyType = 1;
			remoteGlobalIDString = FF9680822F3E0924009F3CFD;
			remoteInfo = ShieldConfigurationExtension;
		};
		FF9680A12F3E093F009F3CFD /* PBXContainerItemProxy */ = {
			isa = PBXContainerItemProxy;
			containerPortal = FF96804B2F3E08F5009F3CFD /* Project object */;
			proxyType = 1;
			remoteGlobalIDString = FF9680992F3E093F009F3CFD;
			remoteInfo = ShieldActionExtension;
		};
		FF9680B42F3E094F009F3CFD /* PBXContainerItemProxy */ = {
			isa = PBXContainerItemProxy;
			containerPortal = FF96804B2F3E08F5009F3CFD /* Project object */;
			proxyType = 1;
			remoteGlobalIDString = FF9680AB2F3E094F009F3CFD;
			remoteInfo = DeviceActivityMonitorExtension;
		};
/* End PBXContainerItemProxy section */

/* Begin PBXCopyFilesBuildPhase section */
		FF9680952F3E0924009F3CFD /* Embed Foundation Extensions */ = {
			isa = PBXCopyFilesBuildPhase;
			buildActionMask = 2147483647;
			dstPath = "";
			dstSubfolderSpec = 13;
			files = (
				FF9680B62F3E094F009F3CFD /* DeviceActivityMonitorExtension.appex in Embed Foundation Extensions */,
				FF9680902F3E0924009F3CFD /* ShieldConfigurationExtension.appex in Embed Foundation Extensions */,
				FF9680A32F3E093F009F3CFD /* ShieldActionExtension.appex in Embed Foundation Extensions */,
			);
			name = "Embed Foundation Extensions";
			runOnlyForDeploymentPostprocessing = 0;
		};
/* End PBXCopyFilesBuildPhase section */

/* Begin PBXFileReference section */
		AA0000012F4A000000000001 /* Secrets.xcconfig */ = {isa = PBXFileReference; lastKnownFileType = text.xcconfig; path = Secrets.xcconfig; sourceTree = "<group>"; };
		FF9680532F3E08F5009F3CFD /* MindfulPhone.app */ = {isa = PBXFileReference; explicitFileType = wrapper.application; includeInIndex = 0; path = MindfulPhone.app; sourceTree = BUILT_PRODUCTS_DIR; };
		FF9680622F3E08F6009F3CFD /* MindfulPhoneTests.xctest */ = {isa = PBXFileReference; explicitFileType = wrapper.cfbundle; includeInIndex = 0; path = MindfulPhoneTests.xctest; sourceTree = BUILT_PRODUCTS_DIR; };
		FF96806C2F3E08F6009F3CFD /* MindfulPhoneUITests.xctest */ = {isa = PBXFileReference; explicitFileType = wrapper.cfbundle; includeInIndex = 0; path = MindfulPhoneUITests.xctest; sourceTree = BUILT_PRODUCTS_DIR; };
		FF9680832F3E0924009F3CFD /* ShieldConfigurationExtension.appex */ = {isa = PBXFileReference; explicitFileType = "wrapper.app-extension"; includeInIndex = 0; path = ShieldConfigurationExtension.appex; sourceTree = BUILT_PRODUCTS_DIR; };
		FF9680852F3E0924009F3CFD /* ManagedSettings.framework */ = {isa = PBXFileReference; lastKnownFileType = wrapper.framework; name = ManagedSettings.framework; path = System/Library/Frameworks/ManagedSettings.framework; sourceTree = SDKROOT; };
		FF9680872F3E0924009F3CFD /* ManagedSettingsUI.framework */ = {isa = PBXFileReference; lastKnownFileType = wrapper.framework; name = ManagedSettingsUI.framework; path = System/Library/Frameworks/ManagedSettingsUI.framework; sourceTree = SDKROOT; };
		FF96809A2F3E093F009F3CFD /* ShieldActionExtension.appex */ = {isa = PBXFileReference; explicitFileType = "wrapper.app-extension"; includeInIndex = 0; path = ShieldActionExtension.appex; sourceTree = BUILT_PRODUCTS_DIR; };
		FF9680AC2F3E094F009F3CFD /* DeviceActivityMonitorExtension.appex */ = {isa = PBXFileReference; explicitFileType = "wrapper.app-extension"; includeInIndex = 0; path = DeviceActivityMonitorExtension.appex; sourceTree = BUILT_PRODUCTS_DIR; };
		FF9680AD2F3E094F009F3CFD /* DeviceActivity.framework */ = {isa = PBXFileReference; lastKnownFileType = wrapper.framework; name = DeviceActivity.framework; path = System/Library/Frameworks/DeviceActivity.framework; sourceTree = SDKROOT; };
		FF9680C72F3E0B84009F3CFD /* AppGroupConstants.swift */ = {isa = PBXFileReference; lastKnownFileType = sourcecode.swift; path = AppGroupConstants.swift; sourceTree = "<group>"; };
		FF9680C82F3E0B84009F3CFD /* PendingUnlockRequest.swift */ = {isa = PBXFileReference; lastKnownFileType = sourcecode.swift; path = PendingUnlockRequest.swift; sourceTree = "<group>"; };
		FF9680C92F3E0B84009F3CFD /* ActiveUnlockRecord.swift */ = {isa = PBXFileReference; lastKnownFileType = sourcecode.swift; path = ActiveUnlockRecord.swift; sourceTree = "<group>"; };
		FF9680CA2F3E0B91009F3CFD /* AppGroupManager.swift */ = {isa = PBXFileReference; lastKnownFileType = sourcecode.swift; path = AppGroupManager.swift; sourceTree = "<group>"; };
		FF9680E42F3E0C04009F3CFD /* FamilyControls.framework */ = {isa = PBXFileReference; lastKnownFileType = wrapper.framework; name = FamilyControls.framework; path = System/Library/Frameworks/FamilyControls.framework; sourceTree = SDKROOT; };
		FF9683AB2F3E3195009F3CFD /* KeychainIPC.swift */ = {isa = PBXFileReference; lastKnownFileType = sourcecode.swift; path = KeychainIPC.swift; sourceTree = "<group>"; };
		FF9683B42F3E5439009F3CFD /* AddictiveApps.swift */ = {isa = PBXFileReference; lastKnownFileType = sourcecode.swift; path = AddictiveApps.swift; sourceTree = "<group>"; };
/* End PBXFileReference section */

/* Begin PBXFileSystemSynchronizedBuildFileExceptionSet section */
		FF9680912F3E0924009F3CFD /* Exceptions for "ShieldConfigurationExtension" folder in "ShieldConfigurationExtension" target */ = {
			isa = PBXFileSystemSynchronizedBuildFileExceptionSet;
			membershipExceptions = (
				Info.plist,
			);
			target = FF9680822F3E0924009F3CFD /* ShieldConfigurationExtension */;
		};
		FF9680A42F3E093F009F3CFD /* Exceptions for "ShieldActionExtension" folder in "ShieldActionExtension" target */ = {
			isa = PBXFileSystemSynchronizedBuildFileExceptionSet;
			membershipExceptions = (
				Info.plist,
			);
			target = FF9680992F3E093F009F3CFD /* ShieldActionExtension */;
		};
		FF9680B72F3E094F009F3CFD /* Exceptions for "DeviceActivityMonitorExtension" folder in "DeviceActivityMonitorExtension" target */ = {
			isa = PBXFileSystemSynchronizedBuildFileExceptionSet;
			membershipExceptions = (
				Info.plist,
			);
			target = FF9680AB2F3E094F009F3CFD /* DeviceActivityMonitorExtension */;
		};
		FF9680BC2F3E0A12009F3CFD /* Exceptions for "MindfulPhone" folder in "MindfulPhone" target */ = {
			isa = PBXFileSystemSynchronizedBuildFileExceptionSet;
			membershipExceptions = (
				Info.plist,
			);
			target = FF9680522F3E08F5009F3CFD /* MindfulPhone */;
		};
/* End PBXFileSystemSynchronizedBuildFileExceptionSet section */

/* Begin PBXFileSystemSynchronizedRootGroup section */
		FF9680552F3E08F5009F3CFD /* MindfulPhone */ = {
			isa = PBXFileSystemSynchronizedRootGroup;
			exceptions = (
				FF9680BC2F3E0A12009F3CFD /* Exceptions for "MindfulPhone" folder in "MindfulPhone" target */,
			);
			path = MindfulPhone;
			sourceTree = "<group>";
		};
		FF9680652F3E08F6009F3CFD /* MindfulPhoneTests */ = {
			isa = PBXFileSystemSynchronizedRootGroup;
			path = MindfulPhoneTests;
			sourceTree = "<group>";
		};
		FF96806F2F3E08F6009F3CFD /* MindfulPhoneUITests */ = {
			isa = PBXFileSystemSynchronizedRootGroup;
			path = MindfulPhoneUITests;
			sourceTree = "<group>";
		};
		FF9680892F3E0924009F3CFD /* ShieldConfigurationExtension */ = {
			isa = PBXFileSystemSynchronizedRootGroup;
			exceptions = (
				FF9680912F3E0924009F3CFD /* Exceptions for "ShieldConfigurationExtension" folder in "ShieldConfigurationExtension" target */,
			);
			path = ShieldConfigurationExtension;
			sourceTree = "<group>";
		};
		FF96809C2F3E093F009F3CFD /* ShieldActionExtension */ = {
			isa = PBXFileSystemSynchronizedRootGroup;
			exceptions = (
				FF9680A42F3E093F009F3CFD /* Exceptions for "ShieldActionExtension" folder in "ShieldActionExtension" target */,
			);
			path = ShieldActionExtension;
			sourceTree = "<group>";
		};
		FF9680AF2F3E094F009F3CFD /* DeviceActivityMonitorExtension */ = {
			isa = PBXFileSystemSynchronizedRootGroup;
			exceptions = (
				FF9680B72F3E094F009F3CFD /* Exceptions for "DeviceActivityMonitorExtension" folder in "DeviceActivityMonitorExtension" target */,
			);
			path = DeviceActivityMonitorExtension;
			sourceTree = "<group>";
		};
/* End PBXFileSystemSynchronizedRootGroup section */

/* Begin PBXFrameworksBuildPhase section */
		FF9680502F3E08F5009F3CFD /* Frameworks */ = {
			isa = PBXFrameworksBuildPhase;
			buildActionMask = 2147483647;
			files = (
			);
			runOnlyForDeploymentPostprocessing = 0;
		};
		FF96805F2F3E08F6009F3CFD /* Frameworks */ = {
			isa = PBXFrameworksBuildPhase;
			buildActionMask = 2147483647;
			files = (
			);
			runOnlyForDeploymentPostprocessing = 0;
		};
		FF9680692F3E08F6009F3CFD /* Frameworks */ = {
			isa = PBXFrameworksBuildPhase;
			buildActionMask = 2147483647;
			files = (
			);
			runOnlyForDeploymentPostprocessing = 0;
		};
		FF9680802F3E0924009F3CFD /* Frameworks */ = {
			isa = PBXFrameworksBuildPhase;
			buildActionMask = 2147483647;
			files = (
				FF9680862F3E0924009F3CFD /* ManagedSettings.framework in Frameworks */,
				FF9680882F3E0924009F3CFD /* ManagedSettingsUI.framework in Frameworks */,
			);
			runOnlyForDeploymentPostprocessing = 0;
		};
		FF9680972F3E093F009F3CFD /* Frameworks */ = {
			isa = PBXFrameworksBuildPhase;
			buildActionMask = 2147483647;
			files = (
				FF96809B2F3E093F009F3CFD /* ManagedSettings.framework in Frameworks */,
			);
			runOnlyForDeploymentPostprocessing = 0;
		};
		FF9680A92F3E094F009F3CFD /* Frameworks */ = {
			isa = PBXFrameworksBuildPhase;
			buildActionMask = 2147483647;
			files = (
				FF9680AE2F3E094F009F3CFD /* DeviceActivity.framework in Frameworks */,
				FF9680E22F3E0C04009F3CFD /* ManagedSettings.framework in Frameworks */,
				FF9680E12F3E0C04009F3CFD /* FamilyControls.framework in Frameworks */,
			);
			runOnlyForDeploymentPostprocessing = 0;
		};
/* End PBXFrameworksBuildPhase section */

/* Begin PBXGroup section */
		FF96804A2F3E08F5009F3CFD = {
			isa = PBXGroup;
			children = (
				AA0000012F4A000000000001 /* Secrets.xcconfig */,
				FF9680552F3E08F5009F3CFD /* MindfulPhone */,
				FF9680652F3E08F6009F3CFD /* MindfulPhoneTests */,
				FF96806F2F3E08F6009F3CFD /* MindfulPhoneUITests */,
				FF9680892F3E0924009F3CFD /* ShieldConfigurationExtension */,
				FF96809C2F3E093F009F3CFD /* ShieldActionExtension */,
				FF9680AF2F3E094F009F3CFD /* DeviceActivityMonitorExtension */,
				FF9680842F3E0924009F3CFD /* Frameworks */,
				FF9680542F3E08F5009F3CFD /* Products */,
				FF9680BE2F3E0B69009F3CFD /* Shared */,
			);
			sourceTree = "<group>";
		};
		FF9680542F3E08F5009F3CFD /* Products */ = {
			isa = PBXGroup;
			children = (
				FF9680532F3E08F5009F3CFD /* MindfulPhone.app */,
				FF9680622F3E08F6009F3CFD /* MindfulPhoneTests.xctest */,
				FF96806C2F3E08F6009F3CFD /* MindfulPhoneUITests.xctest */,
				FF9680832F3E0924009F3CFD /* ShieldConfigurationExtension.appex */,
				FF96809A2F3E093F009F3CFD /* ShieldActionExtension.appex */,
				FF9680AC2F3E094F009F3CFD /* DeviceActivityMonitorExtension.appex */,
			);
			name = Products;
			sourceTree = "<group>";
		};
		FF9680842F3E0924009F3CFD /* Frameworks */ = {
			isa = PBXGroup;
			children = (
				FF9680852F3E0924009F3CFD /* ManagedSettings.framework */,
				FF9680872F3E0924009F3CFD /* ManagedSettingsUI.framework */,
				FF9680AD2F3E094F009F3CFD /* DeviceActivity.framework */,
				FF9680E42F3E0C04009F3CFD /* FamilyControls.framework */,
			);
			name = Frameworks;
			sourceTree = "<group>";
		};
		FF9680BE2F3E0B69009F3CFD /* Shared */ = {
			isa = PBXGroup;
			children = (
				FF9680C72F3E0B84009F3CFD /* AppGroupConstants.swift */,
				FF9680C82F3E0B84009F3CFD /* PendingUnlockRequest.swift */,
				FF9680C92F3E0B84009F3CFD /* ActiveUnlockRecord.swift */,
				FF9680CA2F3E0B91009F3CFD /* AppGroupManager.swift */,
				FF9683AB2F3E3195009F3CFD /* KeychainIPC.swift */,
				FF9683B42F3E5439009F3CFD /* AddictiveApps.swift */,
			);
			path = Shared;
			sourceTree = "<group>";
		};
/* End PBXGroup section */

/* Begin PBXNativeTarget section */
		FF9680522F3E08F5009F3CFD /* MindfulPhone */ = {
			isa = PBXNativeTarget;
			buildConfigurationList = FF9680762F3E08F6009F3CFD /* Build configuration list for PBXNativeTarget "MindfulPhone" */;
			buildPhases = (
				FF96804F2F3E08F5009F3CFD /* Sources */,
				FF9680502F3E08F5009F3CFD /* Frameworks */,
				FF9680512F3E08F5009F3CFD /* Resources */,
				FF9680952F3E0924009F3CFD /* Embed Foundation Extensions */,
			);
			buildRules = (
			);
			dependencies = (
				FF96808F2F3E0924009F3CFD /* PBXTargetDependency */,
				FF9680A22F3E093F009F3CFD /* PBXTargetDependency */,
				FF9680B52F3E094F009F3CFD /* PBXTargetDependency */,
			);
			fileSystemSynchronizedGroups = (
				FF9680552F3E08F5009F3CFD /* MindfulPhone */,
			);
			name = MindfulPhone;
			packageProductDependencies = (
			);
			productName = MindfulPhone;
			productReference = FF9680532F3E08F5009F3CFD /* MindfulPhone.app */;
			productType = "com.apple.product-type.application";
		};
		FF9680612F3E08F6009F3CFD /* MindfulPhoneTests */ = {
			isa = PBXNativeTarget;
			buildConfigurationList = FF9680792F3E08F6009F3CFD /* Build configuration list for PBXNativeTarget "MindfulPhoneTests" */;
			buildPhases = (
				FF96805E2F3E08F6009F3CFD /* Sources */,
				FF96805F2F3E08F6009F3CFD /* Frameworks */,
				FF9680602F3E08F6009F3CFD /* Resources */,
			);
			buildRules = (
			);
			dependencies = (
				FF9680642F3E08F6009F3CFD /* PBXTargetDependency */,
			);
			fileSystemSynchronizedGroups = (
				FF9680652F3E08F6009F3CFD /* MindfulPhoneTests */,
			);
			name = MindfulPhoneTests;
			packageProductDependencies = (
			);
			productName = MindfulPhoneTests;
			productReference = FF9680622F3E08F6009F3CFD /* MindfulPhoneTests.xctest */;
			productType = "com.apple.product-type.bundle.unit-test";
		};
		FF96806B2F3E08F6009F3CFD /* MindfulPhoneUITests */ = {
			isa = PBXNativeTarget;
			buildConfigurationList = FF96807C2F3E08F6009F3CFD /* Build configuration list for PBXNativeTarget "MindfulPhoneUITests" */;
			buildPhases = (
				FF9680682F3E08F6009F3CFD /* Sources */,
				FF9680692F3E08F6009F3CFD /* Frameworks */,
				FF96806A2F3E08F6009F3CFD /* Resources */,
			);
			buildRules = (
			);
			dependencies = (
				FF96806E2F3E08F6009F3CFD /* PBXTargetDependency */,
			);
			fileSystemSynchronizedGroups = (
				FF96806F2F3E08F6009F3CFD /* MindfulPhoneUITests */,
			);
			name = MindfulPhoneUITests;
			packageProductDependencies = (
			);
			productName = MindfulPhoneUITests;
			productReference = FF96806C2F3E08F6009F3CFD /* MindfulPhoneUITests.xctest */;
			productType = "com.apple.product-type.bundle.ui-testing";
		};
		FF9680822F3E0924009F3CFD /* ShieldConfigurationExtension */ = {
			isa = PBXNativeTarget;
			buildConfigurationList = FF9680922F3E0924009F3CFD /* Build configuration list for PBXNativeTarget "ShieldConfigurationExtension" */;
			buildPhases = (
				FF96807F2F3E0924009F3CFD /* Sources */,
				FF9680802F3E0924009F3CFD /* Frameworks */,
				FF9680812F3E0924009F3CFD /* Resources */,
			);
			buildRules = (
			);
			dependencies = (
			);
			fileSystemSynchronizedGroups = (
				FF9680892F3E0924009F3CFD /* ShieldConfigurationExtension */,
			);
			name = ShieldConfigurationExtension;
			packageProductDependencies = (
			);
			productName = ShieldConfigurationExtension;
			productReference = FF9680832F3E0924009F3CFD /* ShieldConfigurationExtension.appex */;
			productType = "com.apple.product-type.app-extension";
		};
		FF9680992F3E093F009F3CFD /* ShieldActionExtension */ = {
			isa = PBXNativeTarget;
			buildConfigurationList = FF9680A52F3E093F009F3CFD /* Build configuration list for PBXNativeTarget "ShieldActionExtension" */;
			buildPhases = (
				FF9680962F3E093F009F3CFD /* Sources */,
				FF9680972F3E093F009F3CFD /* Frameworks */,
				FF9680982F3E093F009F3CFD /* Resources */,
			);
			buildRules = (
			);
			dependencies = (
			);
			fileSystemSynchronizedGroups = (
				FF96809C2F3E093F009F3CFD /* ShieldActionExtension */,
			);
			name = ShieldActionExtension;
			packageProductDependencies = (
			);
			productName = ShieldActionExtension;
			productReference = FF96809A2F3E093F009F3CFD /* ShieldActionExtension.appex */;
			productType = "com.apple.product-type.app-extension";
		};
		FF9680AB2F3E094F009F3CFD /* DeviceActivityMonitorExtension */ = {
			isa = PBXNativeTarget;
			buildConfigurationList = FF9680B82F3E094F009F3CFD /* Build configuration list for PBXNativeTarget "DeviceActivityMonitorExtension" */;
			buildPhases = (
				FF9680A82F3E094F009F3CFD /* Sources */,
				FF9680A92F3E094F009F3CFD /* Frameworks */,
				FF9680AA2F3E094F009F3CFD /* Resources */,
			);
			buildRules = (
			);
			dependencies = (
			);
			fileSystemSynchronizedGroups = (
				FF9680AF2F3E094F009F3CFD /* DeviceActivityMonitorExtension */,
			);
			name = DeviceActivityMonitorExtension;
			packageProductDependencies = (
			);
			productName = DeviceActivityMonitorExtension;
			productReference = FF9680AC2F3E094F009F3CFD /* DeviceActivityMonitorExtension.appex */;
			productType = "com.apple.product-type.app-extension";
		};
/* End PBXNativeTarget section */

/* Begin PBXProject section */
		FF96804B2F3E08F5009F3CFD /* Project object */ = {
			isa = PBXProject;
			attributes = {
				BuildIndependentTargetsInParallel = 1;
				LastSwiftUpdateCheck = 2630;
				LastUpgradeCheck = 2630;
				TargetAttributes = {
					FF9680522F3E08F5009F3CFD = {
						CreatedOnToolsVersion = 26.3;
					};
					FF9680612F3E08F6009F3CFD = {
						CreatedOnToolsVersion = 26.3;
						TestTargetID = FF9680522F3E08F5009F3CFD;
					};
					FF96806B2F3E08F6009F3CFD = {
						CreatedOnToolsVersion = 26.3;
						TestTargetID = FF9680522F3E08F5009F3CFD;
					};
					FF9680822F3E0924009F3CFD = {
						CreatedOnToolsVersion = 26.3;
					};
					FF9680992F3E093F009F3CFD = {
						CreatedOnToolsVersion = 26.3;
					};
					FF9680AB2F3E094F009F3CFD = {
						CreatedOnToolsVersion = 26.3;
					};
				};
			};
			buildConfigurationList = FF96804E2F3E08F5009F3CFD /* Build configuration list for PBXProject "MindfulPhone" */;
			developmentRegion = en;
			hasScannedForEncodings = 0;
			knownRegions = (
				en,
				Base,
			);
			mainGroup = FF96804A2F3E08F5009F3CFD;
			minimizedProjectReferenceProxies = 1;
			preferredProjectObjectVersion = 77;
			productRefGroup = FF9680542F3E08F5009F3CFD /* Products */;
			projectDirPath = "";
			projectRoot = "";
			targets = (
				FF9680522F3E08F5009F3CFD /* MindfulPhone */,
				FF9680612F3E08F6009F3CFD /* MindfulPhoneTests */,
				FF96806B2F3E08F6009F3CFD /* MindfulPhoneUITests */,
				FF9680822F3E0924009F3CFD /* ShieldConfigurationExtension */,
				FF9680992F3E093F009F3CFD /* ShieldActionExtension */,
				FF9680AB2F3E094F009F3CFD /* DeviceActivityMonitorExtension */,
			);
		};
/* End PBXProject section */

/* Begin PBXResourcesBuildPhase section */
		FF9680512F3E08F5009F3CFD /* Resources */ = {
			isa = PBXResourcesBuildPhase;
			buildActionMask = 2147483647;
			files = (
			);
			runOnlyForDeploymentPostprocessing = 0;
		};
		FF9680602F3E08F6009F3CFD /* Resources */ = {
			isa = PBXResourcesBuildPhase;
			buildActionMask = 2147483647;
			files = (
			);
			runOnlyForDeploymentPostprocessing = 0;
		};
		FF96806A2F3E08F6009F3CFD /* Resources */ = {
			isa = PBXResourcesBuildPhase;
			buildActionMask = 2147483647;
			files = (
			);
			runOnlyForDeploymentPostprocessing = 0;
		};
		FF9680812F3E0924009F3CFD /* Resources */ = {
			isa = PBXResourcesBuildPhase;
			buildActionMask = 2147483647;
			files = (
			);
			runOnlyForDeploymentPostprocessing = 0;
		};
		FF9680982F3E093F009F3CFD /* Resources */ = {
			isa = PBXResourcesBuildPhase;
			buildActionMask = 2147483647;
			files = (
			);
			runOnlyForDeploymentPostprocessing = 0;
		};
		FF9680AA2F3E094F009F3CFD /* Resources */ = {
			isa = PBXResourcesBuildPhase;
			buildActionMask = 2147483647;
			files = (
			);
			runOnlyForDeploymentPostprocessing = 0;
		};
/* End PBXResourcesBuildPhase section */

/* Begin PBXSourcesBuildPhase section */
		FF96804F2F3E08F5009F3CFD /* Sources */ = {
			isa = PBXSourcesBuildPhase;
			buildActionMask = 2147483647;
			files = (
				FF9680D12F3E0C00009F3CFD /* AppGroupConstants.swift in Sources */,
				FF9680D22F3E0C00009F3CFD /* PendingUnlockRequest.swift in Sources */,
				FF9680D32F3E0C00009F3CFD /* ActiveUnlockRecord.swift in Sources */,
				FF9680D42F3E0C00009F3CFD /* AppGroupManager.swift in Sources */,
				FF9683B52F3E5439009F3CFD /* AddictiveApps.swift in Sources */,
				FF9683AE2F3E3195009F3CFD /* KeychainIPC.swift in Sources */,
			);
			runOnlyForDeploymentPostprocessing = 0;
		};
		FF96805E2F3E08F6009F3CFD /* Sources */ = {
			isa = PBXSourcesBuildPhase;
			buildActionMask = 2147483647;
			files = (
			);
			runOnlyForDeploymentPostprocessing = 0;
		};
		FF9680682F3E08F6009F3CFD /* Sources */ = {
			isa = PBXSourcesBuildPhase;
			buildActionMask = 2147483647;
			files = (
			);
			runOnlyForDeploymentPostprocessing = 0;
		};
		FF96807F2F3E0924009F3CFD /* Sources */ = {
			isa = PBXSourcesBuildPhase;
			buildActionMask = 2147483647;
			files = (
				FF9683AF2F3E3195009F3CFD /* KeychainIPC.swift in Sources */,
				FF9680D52F3E0C01009F3CFD /* AppGroupConstants.swift in Sources */,
				FF9680D62F3E0C01009F3CFD /* PendingUnlockRequest.swift in Sources */,
				FF9680D72F3E0C01009F3CFD /* ActiveUnlockRecord.swift in Sources */,
				FF9683B62F3E5439009F3CFD /* AddictiveApps.swift in Sources */,
				FF9680D82F3E0C01009F3CFD /* AppGroupManager.swift in Sources */,
			);
			runOnlyForDeploymentPostprocessing = 0;
		};
		FF9680962F3E093F009F3CFD /* Sources */ = {
			isa = PBXSourcesBuildPhase;
			buildActionMask = 2147483647;
			files = (
				FF9683AD2F3E3195009F3CFD /* KeychainIPC.swift in Sources */,
				FF9680D92F3E0C02009F3CFD /* AppGroupConstants.swift in Sources */,
				FF9680DA2F3E0C02009F3CFD /* PendingUnlockRequest.swift in Sources */,
				FF9680DB2F3E0C02009F3CFD /* ActiveUnlockRecord.swift in Sources */,
				FF9683B82F3E5439009F3CFD /* AddictiveApps.swift in Sources */,
				FF9680DC2F3E0C02009F3CFD /* AppGroupManager.swift in Sources */,
			);
			runOnlyForDeploymentPostprocessing = 0;
		};
		FF9680A82F3E094F009F3CFD /* Sources */ = {
			isa = PBXSourcesBuildPhase;
			buildActionMask = 2147483647;
			files = (
				FF9683AC2F3E3195009F3CFD /* KeychainIPC.swift in Sources */,
				FF9680DD2F3E0C03009F3CFD /* AppGroupConstants.swift in Sources */,
				FF9680DE2F3E0C03009F3CFD /* PendingUnlockRequest.swift in Sources */,
				FF9680DF2F3E0C03009F3CFD /* ActiveUnlockRecord.swift in Sources */,
				FF9683B72F3E5439009F3CFD /* AddictiveApps.swift in Sources */,
				FF9680E02F3E0C03009F3CFD /* AppGroupManager.swift in Sources */,
			);
			runOnlyForDeploymentPostprocessing = 0;
		};
/* End PBXSourcesBuildPhase section */

/* Begin PBXTargetDependency section */
		FF9680642F3E08F6009F3CFD /* PBXTargetDependency */ = {
			isa = PBXTargetDependency;
			target = FF9680522F3E08F5009F3CFD /* MindfulPhone */;
			targetProxy = FF9680632F3E08F6009F3CFD /* PBXContainerItemProxy */;
		};
		FF96806E2F3E08F6009F3CFD /* PBXTargetDependency */ = {
			isa = PBXTargetDependency;
			target = FF9680522F3E08F5009F3CFD /* MindfulPhone */;
			targetProxy = FF96806D2F3E08F6009F3CFD /* PBXContainerItemProxy */;
		};
		FF96808F2F3E0924009F3CFD /* PBXTargetDependency */ = {
			isa = PBXTargetDependency;
			target = FF9680822F3E0924009F3CFD /* ShieldConfigurationExtension */;
			targetProxy = FF96808E2F3E0924009F3CFD /* PBXContainerItemProxy */;
		};
		FF9680A22F3E093F009F3CFD /* PBXTargetDependency */ = {
			isa = PBXTargetDependency;
			target = FF9680992F3E093F009F3CFD /* ShieldActionExtension */;
			targetProxy = FF9680A12F3E093F009F3CFD /* PBXContainerItemProxy */;
		};
		FF9680B52F3E094F009F3CFD /* PBXTargetDependency */ = {
			isa = PBXTargetDependency;
			target = FF9680AB2F3E094F009F3CFD /* DeviceActivityMonitorExtension */;
			targetProxy = FF9680B42F3E094F009F3CFD /* PBXContainerItemProxy */;
		};
/* End PBXTargetDependency section */

/* Begin XCBuildConfiguration section */
		FF9680742F3E08F6009F3CFD /* Debug */ = {
			isa = XCBuildConfiguration;
			baseConfigurationReference = AA0000012F4A000000000001 /* Secrets.xcconfig */;
			buildSettings = {
				ALWAYS_SEARCH_USER_PATHS = NO;
				ASSETCATALOG_COMPILER_GENERATE_SWIFT_ASSET_SYMBOL_EXTENSIONS = YES;
				CLANG_ANALYZER_NONNULL = YES;
				CLANG_ANALYZER_NUMBER_OBJECT_CONVERSION = YES_AGGRESSIVE;
				CLANG_CXX_LANGUAGE_STANDARD = "gnu++20";
				CLANG_ENABLE_MODULES = YES;
				CLANG_ENABLE_OBJC_ARC = YES;
				CLANG_ENABLE_OBJC_WEAK = YES;
				CLANG_WARN_BLOCK_CAPTURE_AUTORELEASING = YES;
				CLANG_WARN_BOOL_CONVERSION = YES;
				CLANG_WARN_COMMA = YES;
				CLANG_WARN_CONSTANT_CONVERSION = YES;
				CLANG_WARN_DEPRECATED_OBJC_IMPLEMENTATIONS = YES;
				CLANG_WARN_DIRECT_OBJC_ISA_USAGE = YES_ERROR;
				CLANG_WARN_DOCUMENTATION_COMMENTS = YES;
				CLANG_WARN_EMPTY_BODY = YES;
				CLANG_WARN_ENUM_CONVERSION = YES;
				CLANG_WARN_INFINITE_RECURSION = YES;
				CLANG_WARN_INT_CONVERSION = YES;
				CLANG_WARN_NON_LITERAL_NULL_CONVERSION = YES;
				CLANG_WARN_OBJC_IMPLICIT_RETAIN_SELF = YES;
				CLANG_WARN_OBJC_LITERAL_CONVERSION = YES;
				CLANG_WARN_OBJC_ROOT_CLASS = YES_ERROR;
				CLANG_WARN_QUOTED_INCLUDE_IN_FRAMEWORK_HEADER = YES;
				CLANG_WARN_RANGE_LOOP_ANALYSIS = YES;
				CLANG_WARN_STRICT_PROTOTYPES = YES;
				CLANG_WARN_SUSPICIOUS_MOVE = YES;
				CLANG_WARN_UNGUARDED_AVAILABILITY = YES_AGGRESSIVE;
				CLANG_WARN_UNREACHABLE_CODE = YES;
				CLANG_WARN__DUPLICATE_METHOD_MATCH = YES;
				COPY_PHASE_STRIP = NO;
				DEBUG_INFORMATION_FORMAT = dwarf;
				DEVELOPMENT_TEAM = 6CT6LJPY6T;
				ENABLE_STRICT_OBJC_MSGSEND = YES;
				ENABLE_TESTABILITY = YES;
				ENABLE_USER_SCRIPT_SANDBOXING = YES;
				GCC_C_LANGUAGE_STANDARD = gnu17;
				GCC_DYNAMIC_NO_PIC = NO;
				GCC_NO_COMMON_BLOCKS = YES;
				GCC_OPTIMIZATION_LEVEL = 0;
				GCC_PREPROCESSOR_DEFINITIONS = (
					"DEBUG=1",
					"$(inherited)",
				);
				GCC_WARN_64_TO_32_BIT_CONVERSION = YES;
				GCC_WARN_ABOUT_RETURN_TYPE = YES_ERROR;
				GCC_WARN_UNDECLARED_SELECTOR = YES;
				GCC_WARN_UNINITIALIZED_AUTOS = YES_AGGRESSIVE;
				GCC_WARN_UNUSED_FUNCTION = YES;
				GCC_WARN_UNUSED_VARIABLE = YES;
				IPHONEOS_DEPLOYMENT_TARGET = 26.2;
				LOCALIZATION_PREFERS_STRING_CATALOGS = YES;
				MTL_ENABLE_DEBUG_INFO = INCLUDE_SOURCE;
				MTL_FAST_MATH = YES;
				ONLY_ACTIVE_ARCH = YES;
				SDKROOT = iphoneos;
				SWIFT_ACTIVE_COMPILATION_CONDITIONS = "DEBUG $(inherited)";
				SWIFT_OPTIMIZATION_LEVEL = "-Onone";
			};
			name = Debug;
		};
		FF9680752F3E08F6009F3CFD /* Release */ = {
			isa = XCBuildConfiguration;
			baseConfigurationReference = AA0000012F4A000000000001 /* Secrets.xcconfig */;
			buildSettings = {
				ALWAYS_SEARCH_USER_PATHS = NO;
				ASSETCATALOG_COMPILER_GENERATE_SWIFT_ASSET_SYMBOL_EXTENSIONS = YES;
				CLANG_ANALYZER_NONNULL = YES;
				CLANG_ANALYZER_NUMBER_OBJECT_CONVERSION = YES_AGGRESSIVE;
				CLANG_CXX_LANGUAGE_STANDARD = "gnu++20";
				CLANG_ENABLE_MODULES = YES;
				CLANG_ENABLE_OBJC_ARC = YES;
				CLANG_ENABLE_OBJC_WEAK = YES;
				CLANG_WARN_BLOCK_CAPTURE_AUTORELEASING = YES;
				CLANG_WARN_BOOL_CONVERSION = YES;
				CLANG_WARN_COMMA = YES;
				CLANG_WARN_CONSTANT_CONVERSION = YES;
				CLANG_WARN_DEPRECATED_OBJC_IMPLEMENTATIONS = YES;
				CLANG_WARN_DIRECT_OBJC_ISA_USAGE = YES_ERROR;
				CLANG_WARN_DOCUMENTATION_COMMENTS = YES;
				CLANG_WARN_EMPTY_BODY = YES;
				CLANG_WARN_ENUM_CONVERSION = YES;
				CLANG_WARN_INFINITE_RECURSION = YES;
				CLANG_WARN_INT_CONVERSION = YES;
				CLANG_WARN_NON_LITERAL_NULL_CONVERSION = YES;
				CLANG_WARN_OBJC_IMPLICIT_RETAIN_SELF = YES;
				CLANG_WARN_OBJC_LITERAL_CONVERSION = YES;
				CLANG_WARN_OBJC_ROOT_CLASS = YES_ERROR;
				CLANG_WARN_QUOTED_INCLUDE_IN_FRAMEWORK_HEADER = YES;
				CLANG_WARN_RANGE_LOOP_ANALYSIS = YES;
				CLANG_WARN_STRICT_PROTOTYPES = YES;
				CLANG_WARN_SUSPICIOUS_MOVE = YES;
				CLANG_WARN_UNGUARDED_AVAILABILITY = YES_AGGRESSIVE;
				CLANG_WARN_UNREACHABLE_CODE = YES;
				CLANG_WARN__DUPLICATE_METHOD_MATCH = YES;
				COPY_PHASE_STRIP = NO;
				DEBUG_INFORMATION_FORMAT = "dwarf-with-dsym";
				DEVELOPMENT_TEAM = 6CT6LJPY6T;
				ENABLE_NS_ASSERTIONS = NO;
				ENABLE_STRICT_OBJC_MSGSEND = YES;
				ENABLE_USER_SCRIPT_SANDBOXING = YES;
				GCC_C_LANGUAGE_STANDARD = gnu17;
				GCC_NO_COMMON_BLOCKS = YES;
				GCC_WARN_64_TO_32_BIT_CONVERSION = YES;
				GCC_WARN_ABOUT_RETURN_TYPE = YES_ERROR;
				GCC_WARN_UNDECLARED_SELECTOR = YES;
				GCC_WARN_UNINITIALIZED_AUTOS = YES_AGGRESSIVE;
				GCC_WARN_UNUSED_FUNCTION = YES;
				GCC_WARN_UNUSED_VARIABLE = YES;
				IPHONEOS_DEPLOYMENT_TARGET = 26.2;
				LOCALIZATION_PREFERS_STRING_CATALOGS = YES;
				MTL_ENABLE_DEBUG_INFO = NO;
				MTL_FAST_MATH = YES;
				SDKROOT = iphoneos;
				SWIFT_COMPILATION_MODE = wholemodule;
				VALIDATE_PRODUCT = YES;
			};
			name = Release;
		};
		FF9680772F3E08F6009F3CFD /* Debug */ = {
			isa = XCBuildConfiguration;
			buildSettings = {
				ASSETCATALOG_COMPILER_APPICON_NAME = AppIcon;
				ASSETCATALOG_COMPILER_GLOBAL_ACCENT_COLOR_NAME = AccentColor;
				CODE_SIGN_ENTITLEMENTS = MindfulPhone/MindfulPhone.entitlements;
				CODE_SIGN_STYLE = Automatic;
				CURRENT_PROJECT_VERSION = 1;
				DEVELOPMENT_TEAM = 6CT6LJPY6T;
				ENABLE_PREVIEWS = YES;
				GENERATE_INFOPLIST_FILE = YES;
				INFOPLIST_FILE = MindfulPhone/Info.plist;
				INFOPLIST_KEY_UIApplicationSceneManifest_Generation = YES;
				INFOPLIST_KEY_UIApplicationSupportsIndirectInputEvents = YES;
				INFOPLIST_KEY_UISupportedInterfaceOrientations_iPad = "UIInterfaceOrientationPortrait UIInterfaceOrientationPortraitUpsideDown UIInterfaceOrientationLandscapeLeft UIInterfaceOrientationLandscapeRight";
				INFOPLIST_KEY_UISupportedInterfaceOrientations_iPhone = "UIInterfaceOrientationPortrait UIInterfaceOrientationLandscapeLeft UIInterfaceOrientationLandscapeRight";
				LD_RUNPATH_SEARCH_PATHS = (
					"$(inherited)",
					"@executable_path/Frameworks",
				);
				MARKETING_VERSION = 1.0;
				PRODUCT_BUNDLE_IDENTIFIER = pro.lgandecki.MindfulPhone;
				PRODUCT_NAME = "$(TARGET_NAME)";
				STRING_CATALOG_GENERATE_SYMBOLS = YES;
				SWIFT_APPROACHABLE_CONCURRENCY = YES;
				SWIFT_DEFAULT_ACTOR_ISOLATION = MainActor;
				SWIFT_EMIT_LOC_STRINGS = YES;
				SWIFT_UPCOMING_FEATURE_MEMBER_IMPORT_VISIBILITY = YES;
				SWIFT_VERSION = 5.0;
				TARGETED_DEVICE_FAMILY = "1,2";
			};
			name = Debug;
		};
		FF9680782F3E08F6009F3CFD /* Release */ = {
			isa = XCBuildConfiguration;
			buildSettings = {
				ASSETCATALOG_COMPILER_APPICON_NAME = AppIcon;
				ASSETCATALOG_COMPILER_GLOBAL_ACCENT_COLOR_NAME = AccentColor;
				CODE_SIGN_ENTITLEMENTS = MindfulPhone/MindfulPhone.entitlements;
				CODE_SIGN_STYLE = Automatic;
				CURRENT_PROJECT_VERSION = 1;
				DEVELOPMENT_TEAM = 6CT6LJPY6T;
				ENABLE_PREVIEWS = YES;
				GENERATE_INFOPLIST_FILE = YES;
				INFOPLIST_FILE = MindfulPhone/Info.plist;
				INFOPLIST_KEY_UIApplicationSceneManifest_Generation = YES;
				INFOPLIST_KEY_UIApplicationSupportsIndirectInputEvents = YES;
				INFOPLIST_KEY_UISupportedInterfaceOrientations_iPad = "UIInterfaceOrientationPortrait UIInterfaceOrientationPortraitUpsideDown UIInterfaceOrientationLandscapeLeft UIInterfaceOrientationLandscapeRight";
				INFOPLIST_KEY_UISupportedInterfaceOrientations_iPhone = "UIInterfaceOrientationPortrait UIInterfaceOrientationLandscapeLeft UIInterfaceOrientationLandscapeRight";
				LD_RUNPATH_SEARCH_PATHS = (
					"$(inherited)",
					"@executable_path/Frameworks",
				);
				MARKETING_VERSION = 1.0;
				PRODUCT_BUNDLE_IDENTIFIER = pro.lgandecki.MindfulPhone;
				PRODUCT_NAME = "$(TARGET_NAME)";
				STRING_CATALOG_GENERATE_SYMBOLS = YES;
				SWIFT_APPROACHABLE_CONCURRENCY = YES;
				SWIFT_DEFAULT_ACTOR_ISOLATION = MainActor;
				SWIFT_EMIT_LOC_STRINGS = YES;
				SWIFT_UPCOMING_FEATURE_MEMBER_IMPORT_VISIBILITY = YES;
				SWIFT_VERSION = 5.0;
				TARGETED_DEVICE_FAMILY = "1,2";
			};
			name = Release;
		};
		FF96807A2F3E08F6009F3CFD /* Debug */ = {
			isa = XCBuildConfiguration;
			buildSettings = {
				BUNDLE_LOADER = "$(TEST_HOST)";
				CODE_SIGN_STYLE = Automatic;
				CURRENT_PROJECT_VERSION = 1;
				DEVELOPMENT_TEAM = 6CT6LJPY6T;
				GENERATE_INFOPLIST_FILE = YES;
				IPHONEOS_DEPLOYMENT_TARGET = 26.2;
				MARKETING_VERSION = 1.0;
				PRODUCT_BUNDLE_IDENTIFIER = pro.lgandecki.MindfulPhoneTests;
				PRODUCT_NAME = "$(TARGET_NAME)";
				STRING_CATALOG_GENERATE_SYMBOLS = NO;
				SWIFT_APPROACHABLE_CONCURRENCY = YES;
				SWIFT_EMIT_LOC_STRINGS = NO;
				SWIFT_UPCOMING_FEATURE_MEMBER_IMPORT_VISIBILITY = YES;
				SWIFT_VERSION = 5.0;
				TARGETED_DEVICE_FAMILY = "1,2";
				TEST_HOST = "$(BUILT_PRODUCTS_DIR)/MindfulPhone.app/$(BUNDLE_EXECUTABLE_FOLDER_PATH)/MindfulPhone";
			};
			name = Debug;
		};
		FF96807B2F3E08F6009F3CFD /* Release */ = {
			isa = XCBuildConfiguration;
			buildSettings = {
				BUNDLE_LOADER = "$(TEST_HOST)";
				CODE_SIGN_STYLE = Automatic;
				CURRENT_PROJECT_VERSION = 1;
				DEVELOPMENT_TEAM = 6CT6LJPY6T;
				GENERATE_INFOPLIST_FILE = YES;
				IPHONEOS_DEPLOYMENT_TARGET = 26.2;
				MARKETING_VERSION = 1.0;
				PRODUCT_BUNDLE_IDENTIFIER = pro.lgandecki.MindfulPhoneTests;
				PRODUCT_NAME = "$(TARGET_NAME)";
				STRING_CATALOG_GENERATE_SYMBOLS = NO;
				SWIFT_APPROACHABLE_CONCURRENCY = YES;
				SWIFT_EMIT_LOC_STRINGS = NO;
				SWIFT_UPCOMING_FEATURE_MEMBER_IMPORT_VISIBILITY = YES;
				SWIFT_VERSION = 5.0;
				TARGETED_DEVICE_FAMILY = "1,2";
				TEST_HOST = "$(BUILT_PRODUCTS_DIR)/MindfulPhone.app/$(BUNDLE_EXECUTABLE_FOLDER_PATH)/MindfulPhone";
			};
			name = Release;
		};
		FF96807D2F3E08F6009F3CFD /* Debug */ = {
			isa = XCBuildConfiguration;
			buildSettings = {
				CODE_SIGN_STYLE = Automatic;
				CURRENT_PROJECT_VERSION = 1;
				DEVELOPMENT_TEAM = 6CT6LJPY6T;
				GENERATE_INFOPLIST_FILE = YES;
				MARKETING_VERSION = 1.0;
				PRODUCT_BUNDLE_IDENTIFIER = pro.lgandecki.MindfulPhoneUITests;
				PRODUCT_NAME = "$(TARGET_NAME)";
				STRING_CATALOG_GENERATE_SYMBOLS = NO;
				SWIFT_APPROACHABLE_CONCURRENCY = YES;
				SWIFT_EMIT_LOC_STRINGS = NO;
				SWIFT_UPCOMING_FEATURE_MEMBER_IMPORT_VISIBILITY = YES;
				SWIFT_VERSION = 5.0;
				TARGETED_DEVICE_FAMILY = "1,2";
				TEST_TARGET_NAME = MindfulPhone;
			};
			name = Debug;
		};
		FF96807E2F3E08F6009F3CFD /* Release */ = {
			isa = XCBuildConfiguration;
			buildSettings = {
				CODE_SIGN_STYLE = Automatic;
				CURRENT_PROJECT_VERSION = 1;
				DEVELOPMENT_TEAM = 6CT6LJPY6T;
				GENERATE_INFOPLIST_FILE = YES;
				MARKETING_VERSION = 1.0;
				PRODUCT_BUNDLE_IDENTIFIER = pro.lgandecki.MindfulPhoneUITests;
				PRODUCT_NAME = "$(TARGET_NAME)";
				STRING_CATALOG_GENERATE_SYMBOLS = NO;
				SWIFT_APPROACHABLE_CONCURRENCY = YES;
				SWIFT_EMIT_LOC_STRINGS = NO;
				SWIFT_UPCOMING_FEATURE_MEMBER_IMPORT_VISIBILITY = YES;
				SWIFT_VERSION = 5.0;
				TARGETED_DEVICE_FAMILY = "1,2";
				TEST_TARGET_NAME = MindfulPhone;
			};
			name = Release;
		};
		FF9680932F3E0924009F3CFD /* Debug */ = {
			isa = XCBuildConfiguration;
			buildSettings = {
				CODE_SIGN_ENTITLEMENTS = ShieldConfigurationExtension/ShieldConfigurationExtension.entitlements;
				CODE_SIGN_STYLE = Automatic;
				CURRENT_PROJECT_VERSION = 1;
				DEVELOPMENT_TEAM = 6CT6LJPY6T;
				GENERATE_INFOPLIST_FILE = YES;
				INFOPLIST_FILE = ShieldConfigurationExtension/Info.plist;
				INFOPLIST_KEY_CFBundleDisplayName = ShieldConfigurationExtension;
				INFOPLIST_KEY_NSHumanReadableCopyright = "Copyright © 2025 Łukasz Gandecki. All rights reserved.";
				LD_RUNPATH_SEARCH_PATHS = (
					"$(inherited)",
					"@executable_path/Frameworks",
					"@executable_path/../../Frameworks",
				);
				MARKETING_VERSION = 1.0;
				PRODUCT_BUNDLE_IDENTIFIER = pro.lgandecki.MindfulPhone.ShieldConfigurationExtension;
				PRODUCT_NAME = "$(TARGET_NAME)";
				SKIP_INSTALL = YES;
				STRING_CATALOG_GENERATE_SYMBOLS = YES;
				SWIFT_APPROACHABLE_CONCURRENCY = YES;
				SWIFT_EMIT_LOC_STRINGS = YES;
				SWIFT_UPCOMING_FEATURE_MEMBER_IMPORT_VISIBILITY = YES;
				SWIFT_VERSION = 5.0;
				TARGETED_DEVICE_FAMILY = "1,2";
			};
			name = Debug;
		};
		FF9680942F3E0924009F3CFD /* Release */ = {
			isa = XCBuildConfiguration;
			buildSettings = {
				CODE_SIGN_ENTITLEMENTS = ShieldConfigurationExtension/ShieldConfigurationExtension.entitlements;
				CODE_SIGN_STYLE = Automatic;
				CURRENT_PROJECT_VERSION = 1;
				DEVELOPMENT_TEAM = 6CT6LJPY6T;
				GENERATE_INFOPLIST_FILE = YES;
				INFOPLIST_FILE = ShieldConfigurationExtension/Info.plist;
				INFOPLIST_KEY_CFBundleDisplayName = ShieldConfigurationExtension;
				INFOPLIST_KEY_NSHumanReadableCopyright = "Copyright © 2025 Łukasz Gandecki. All rights reserved.";
				LD_RUNPATH_SEARCH_PATHS = (
					"$(inherited)",
					"@executable_path/Frameworks",
					"@executable_path/../../Frameworks",
				);
				MARKETING_VERSION = 1.0;
				PRODUCT_BUNDLE_IDENTIFIER = pro.lgandecki.MindfulPhone.ShieldConfigurationExtension;
				PRODUCT_NAME = "$(TARGET_NAME)";
				SKIP_INSTALL = YES;
				STRING_CATALOG_GENERATE_SYMBOLS = YES;
				SWIFT_APPROACHABLE_CONCURRENCY = YES;
				SWIFT_EMIT_LOC_STRINGS = YES;
				SWIFT_UPCOMING_FEATURE_MEMBER_IMPORT_VISIBILITY = YES;
				SWIFT_VERSION = 5.0;
				TARGETED_DEVICE_FAMILY = "1,2";
			};
			name = Release;
		};
		FF9680A62F3E093F009F3CFD /* Debug */ = {
			isa = XCBuildConfiguration;
			buildSettings = {
				CODE_SIGN_ENTITLEMENTS = ShieldActionExtension/ShieldActionExtension.entitlements;
				CODE_SIGN_STYLE = Automatic;
				CURRENT_PROJECT_VERSION = 1;
				DEVELOPMENT_TEAM = 6CT6LJPY6T;
				GENERATE_INFOPLIST_FILE = YES;
				INFOPLIST_FILE = ShieldActionExtension/Info.plist;
				INFOPLIST_KEY_CFBundleDisplayName = ShieldActionExtension;
				INFOPLIST_KEY_NSHumanReadableCopyright = "Copyright © 2025 Łukasz Gandecki. All rights reserved.";
				LD_RUNPATH_SEARCH_PATHS = (
					"$(inherited)",
					"@executable_path/Frameworks",
					"@executable_path/../../Frameworks",
				);
				MARKETING_VERSION = 1.0;
				PRODUCT_BUNDLE_IDENTIFIER = pro.lgandecki.MindfulPhone.ShieldActionExtension;
				PRODUCT_NAME = "$(TARGET_NAME)";
				SKIP_INSTALL = YES;
				STRING_CATALOG_GENERATE_SYMBOLS = YES;
				SWIFT_APPROACHABLE_CONCURRENCY = YES;
				SWIFT_EMIT_LOC_STRINGS = YES;
				SWIFT_UPCOMING_FEATURE_MEMBER_IMPORT_VISIBILITY = YES;
				SWIFT_VERSION = 5.0;
				TARGETED_DEVICE_FAMILY = "1,2";
			};
			name = Debug;
		};
		FF9680A72F3E093F009F3CFD /* Release */ = {
			isa = XCBuildConfiguration;
			buildSettings = {
				CODE_SIGN_ENTITLEMENTS = ShieldActionExtension/ShieldActionExtension.entitlements;
				CODE_SIGN_STYLE = Automatic;
				CURRENT_PROJECT_VERSION = 1;
				DEVELOPMENT_TEAM = 6CT6LJPY6T;
				GENERATE_INFOPLIST_FILE = YES;
				INFOPLIST_FILE = ShieldActionExtension/Info.plist;
				INFOPLIST_KEY_CFBundleDisplayName = ShieldActionExtension;
				INFOPLIST_KEY_NSHumanReadableCopyright = "Copyright © 2025 Łukasz Gandecki. All rights reserved.";
				LD_RUNPATH_SEARCH_PATHS = (
					"$(inherited)",
					"@executable_path/Frameworks",
					"@executable_path/../../Frameworks",
				);
				MARKETING_VERSION = 1.0;
				PRODUCT_BUNDLE_IDENTIFIER = pro.lgandecki.MindfulPhone.ShieldActionExtension;
				PRODUCT_NAME = "$(TARGET_NAME)";
				SKIP_INSTALL = YES;
				STRING_CATALOG_GENERATE_SYMBOLS = YES;
				SWIFT_APPROACHABLE_CONCURRENCY = YES;
				SWIFT_EMIT_LOC_STRINGS = YES;
				SWIFT_UPCOMING_FEATURE_MEMBER_IMPORT_VISIBILITY = YES;
				SWIFT_VERSION = 5.0;
				TARGETED_DEVICE_FAMILY = "1,2";
			};
			name = Release;
		};
		FF9680B92F3E094F009F3CFD /* Debug */ = {
			isa = XCBuildConfiguration;
			buildSettings = {
				CODE_SIGN_ENTITLEMENTS = DeviceActivityMonitorExtension/DeviceActivityMonitorExtension.entitlements;
				CODE_SIGN_STYLE = Automatic;
				CURRENT_PROJECT_VERSION = 1;
				DEVELOPMENT_TEAM = 6CT6LJPY6T;
				GENERATE_INFOPLIST_FILE = YES;
				INFOPLIST_FILE = DeviceActivityMonitorExtension/Info.plist;
				INFOPLIST_KEY_CFBundleDisplayName = DeviceActivityMonitorExtension;
				INFOPLIST_KEY_NSHumanReadableCopyright = "Copyright © 2025 Łukasz Gandecki. All rights reserved.";
				LD_RUNPATH_SEARCH_PATHS = (
					"$(inherited)",
					"@executable_path/Frameworks",
					"@executable_path/../../Frameworks",
				);
				MARKETING_VERSION = 1.0;
				PRODUCT_BUNDLE_IDENTIFIER = pro.lgandecki.MindfulPhone.DeviceActivityMonitorExtension;
				PRODUCT_NAME = "$(TARGET_NAME)";
				SKIP_INSTALL = YES;
				STRING_CATALOG_GENERATE_SYMBOLS = YES;
				SWIFT_APPROACHABLE_CONCURRENCY = YES;
				SWIFT_EMIT_LOC_STRINGS = YES;
				SWIFT_UPCOMING_FEATURE_MEMBER_IMPORT_VISIBILITY = YES;
				SWIFT_VERSION = 5.0;
				TARGETED_DEVICE_FAMILY = "1,2";
			};
			name = Debug;
		};
		FF9680BA2F3E094F009F3CFD /* Release */ = {
			isa = XCBuildConfiguration;
			buildSettings = {
				CODE_SIGN_ENTITLEMENTS = DeviceActivityMonitorExtension/DeviceActivityMonitorExtension.entitlements;
				CODE_SIGN_STYLE = Automatic;
				CURRENT_PROJECT_VERSION = 1;
				DEVELOPMENT_TEAM = 6CT6LJPY6T;
				GENERATE_INFOPLIST_FILE = YES;
				INFOPLIST_FILE = DeviceActivityMonitorExtension/Info.plist;
				INFOPLIST_KEY_CFBundleDisplayName = DeviceActivityMonitorExtension;
				INFOPLIST_KEY_NSHumanReadableCopyright = "Copyright © 2025 Łukasz Gandecki. All rights reserved.";
				LD_RUNPATH_SEARCH_PATHS = (
					"$(inherited)",
					"@executable_path/Frameworks",
					"@executable_path/../../Frameworks",
				);
				MARKETING_VERSION = 1.0;
				PRODUCT_BUNDLE_IDENTIFIER = pro.lgandecki.MindfulPhone.DeviceActivityMonitorExtension;
				PRODUCT_NAME = "$(TARGET_NAME)";
				SKIP_INSTALL = YES;
				STRING_CATALOG_GENERATE_SYMBOLS = YES;
				SWIFT_APPROACHABLE_CONCURRENCY = YES;
				SWIFT_EMIT_LOC_STRINGS = YES;
				SWIFT_UPCOMING_FEATURE_MEMBER_IMPORT_VISIBILITY = YES;
				SWIFT_VERSION = 5.0;
				TARGETED_DEVICE_FAMILY = "1,2";
			};
			name = Release;
		};
/* End XCBuildConfiguration section */

/* Begin XCConfigurationList section */
		FF96804E2F3E08F5009F3CFD /* Build configuration list for PBXProject "MindfulPhone" */ = {
			isa = XCConfigurationList;
			buildConfigurations = (
				FF9680742F3E08F6009F3CFD /* Debug */,
				FF9680752F3E08F6009F3CFD /* Release */,
			);
			defaultConfigurationIsVisible = 0;
			defaultConfigurationName = Release;
		};
		FF9680762F3E08F6009F3CFD /* Build configuration list for PBXNativeTarget "MindfulPhone" */ = {
			isa = XCConfigurationList;
			buildConfigurations = (
				FF9680772F3E08F6009F3CFD /* Debug */,
				FF9680782F3E08F6009F3CFD /* Release */,
			);
			defaultConfigurationIsVisible = 0;
			defaultConfigurationName = Release;
		};
		FF9680792F3E08F6009F3CFD /* Build configuration list for PBXNativeTarget "MindfulPhoneTests" */ = {
			isa = XCConfigurationList;
			buildConfigurations = (
				FF96807A2F3E08F6009F3CFD /* Debug */,
				FF96807B2F3E08F6009F3CFD /* Release */,
			);
			defaultConfigurationIsVisible = 0;
			defaultConfigurationName = Release;
		};
		FF96807C2F3E08F6009F3CFD /* Build configuration list for PBXNativeTarget "MindfulPhoneUITests" */ = {
			isa = XCConfigurationList;
			buildConfigurations = (
				FF96807D2F3E08F6009F3CFD /* Debug */,
				FF96807E2F3E08F6009F3CFD /* Release */,
			);
			defaultConfigurationIsVisible = 0;
			defaultConfigurationName = Release;
		};
		FF9680922F3E0924009F3CFD /* Build configuration list for PBXNativeTarget "ShieldConfigurationExtension" */ = {
			isa = XCConfigurationList;
			buildConfigurations = (
				FF9680932F3E0924009F3CFD /* Debug */,
				FF9680942F3E0924009F3CFD /* Release */,
			);
			defaultConfigurationIsVisible = 0;
			defaultConfigurationName = Release;
		};
		FF9680A52F3E093F009F3CFD /* Build configuration list for PBXNativeTarget "ShieldActionExtension" */ = {
			isa = XCConfigurationList;
			buildConfigurations = (
				FF9680A62F3E093F009F3CFD /* Debug */,
				FF9680A72F3E093F009F3CFD /* Release */,
			);
			defaultConfigurationIsVisible = 0;
			defaultConfigurationName = Release;
		};
		FF9680B82F3E094F009F3CFD /* Build configuration list for PBXNativeTarget "DeviceActivityMonitorExtension" */ = {
			isa = XCConfigurationList;
			buildConfigurations = (
				FF9680B92F3E094F009F3CFD /* Debug */,
				FF9680BA2F3E094F009F3CFD /* Release */,
			);
			defaultConfigurationIsVisible = 0;
			defaultConfigurationName = Release;
		};
/* End XCConfigurationList section */
	};
	rootObject = FF96804B2F3E08F5009F3CFD /* Project object */;
}
